
Microsoft Visual Studio Solution File, Format Version 12.00
# Visual Studio 15
Project("{FAE04EC0-301F-11D3-BF4B-00C04F79EFBC}") = "VRC.ClientSim", "VRC.ClientSim.csproj", "{713EC71B-61AB-E301-EA44-098872CA134E}"
EndProject
Project("{FAE04EC0-301F-11D3-BF4B-00C04F79EFBC}") = "vrchat.jordo.easyquestswitch", "vrchat.jordo.easyquestswitch.csproj", "{359ABEFF-644E-F39D-06DF-4F4BD409CF1C}"
EndProject
Project("{FAE04EC0-301F-11D3-BF4B-00C04F79EFBC}") = "VRC.Udon.Serialization.OdinSerializer", "VRC.Udon.Serialization.OdinSerializer.csproj", "{0E1CF2BA-7F33-7527-7382-DF484762FDDD}"
EndProject
Project("{FAE04EC0-301F-11D3-BF4B-00C04F79EFBC}") = "UdonSharp.Editor", "UdonSharp.Editor.csproj", "{B0CDAD55-6582-676C-EBDF-199FAAB7B25A}"
EndProject
Project("{FAE04EC0-301F-11D3-BF4B-00C04F79EFBC}") = "VRC.Udon.Editor", "VRC.Udon.Editor.csproj", "{446C560A-1A52-EE91-F0E1-0335D0C71861}"
EndProject
Project("{FAE04EC0-301F-11D3-BF4B-00C04F79EFBC}") = "VRC.SDKBase.Editor", "VRC.SDKBase.Editor.csproj", "{273DCD93-5EA9-EB41-7043-C61AED0A1D4D}"
EndProject
Project("{FAE04EC0-301F-11D3-BF4B-00C04F79EFBC}") = "VRC.Udon", "VRC.Udon.csproj", "{C57BCE57-673F-01BE-100A-2208ECAA2265}"
EndProject
Project("{FAE04EC0-301F-11D3-BF4B-00C04F79EFBC}") = "UniTask", "UniTask.csproj", "{2E59228A-D97F-3A94-7730-C4F107A1313A}"
EndProject
Project("{FAE04EC0-301F-11D3-BF4B-00C04F79EFBC}") = "UniTask.Linq", "UniTask.Linq.csproj", "{E4127044-076B-A272-FA34-7FDF76971585}"
EndProject
Project("{FAE04EC0-301F-11D3-BF4B-00C04F79EFBC}") = "VRC.SDKBase", "VRC.SDKBase.csproj", "{A09DF3BD-7879-0B0E-BD5C-CAD18BD8D96E}"
EndProject
Project("{FAE04EC0-301F-11D3-BF4B-00C04F79EFBC}") = "VRC.ClientSim.Editor", "VRC.ClientSim.Editor.csproj", "{71C61D16-CD9E-31BF-6E4D-128B2D689476}"
EndProject
Project("{FAE04EC0-301F-11D3-BF4B-00C04F79EFBC}") = "VRC.SDK3", "VRC.SDK3.csproj", "{A7DFB102-0542-E3E9-D041-D4CF1AB1119C}"
EndProject
Project("{FAE04EC0-301F-11D3-BF4B-00C04F79EFBC}") = "VRC.SDK3.Editor", "VRC.SDK3.Editor.csproj", "{AE005A6E-EDC0-556F-D374-3A3DE701B323}"
EndProject
Project("{FAE04EC0-301F-11D3-BF4B-00C04F79EFBC}") = "UniTask.DOTween", "UniTask.DOTween.csproj", "{A74CCDA2-E28A-F81B-153D-6A51E144A55A}"
EndProject
Project("{FAE04EC0-301F-11D3-BF4B-00C04F79EFBC}") = "UnityEditorTests", "UnityEditorTests.csproj", "{975760BE-6D39-DB97-F1C3-1C20360B3EAD}"
EndProject
Project("{FAE04EC0-301F-11D3-BF4B-00C04F79EFBC}") = "AudioLink", "AudioLink.csproj", "{6DDD8C39-D8BB-E6C6-49C5-8D159043DFC5}"
EndProject
Project("{FAE04EC0-301F-11D3-BF4B-00C04F79EFBC}") = "AudioLink.Editor", "AudioLink.Editor.csproj", "{DF8F351E-15C4-F7C5-A504-538D0495C9C3}"
EndProject
Project("{FAE04EC0-301F-11D3-BF4B-00C04F79EFBC}") = "VRWorldToolkit.Editor", "VRWorldToolkit.Editor.csproj", "{4D2FAD99-21DE-970A-AA56-2802A6BF6907}"
EndProject
Project("{FAE04EC0-301F-11D3-BF4B-00C04F79EFBC}") = "VRC.ExampleCentral.Editor", "VRC.ExampleCentral.Editor.csproj", "{94671B7C-7BFB-6E96-9FED-A60DBAD1A887}"
EndProject
Project("{FAE04EC0-301F-11D3-BF4B-00C04F79EFBC}") = "Assembly-CSharp", "Assembly-CSharp.csproj", "{862D2A7A-E8B5-DE44-8DE3-FD0F466C9615}"
EndProject
Project("{FAE04EC0-301F-11D3-BF4B-00C04F79EFBC}") = "com.vrchat.core.vpm-resolver.Editor", "com.vrchat.core.vpm-resolver.Editor.csproj", "{2F77C92F-B30E-84AA-FFC8-34C21CEFD239}"
EndProject
Project("{FAE04EC0-301F-11D3-BF4B-00C04F79EFBC}") = "VRC.SDKBase.Editor.ShaderStripping", "VRC.SDKBase.Editor.ShaderStripping.csproj", "{4C554CF5-E46D-4461-6B68-6A40A4467339}"
EndProject
Project("{FAE04EC0-301F-11D3-BF4B-00C04F79EFBC}") = "UdonSharp.Runtime", "UdonSharp.Runtime.csproj", "{318F3DB6-4256-E7E9-A815-FAA9E0BCD69A}"
EndProject
Project("{FAE04EC0-301F-11D3-BF4B-00C04F79EFBC}") = "UniTask.Editor", "UniTask.Editor.csproj", "{0D2A4A3D-CDAF-8BC0-0176-FA87D6E3EEBF}"
EndProject
Project("{FAE04EC0-301F-11D3-BF4B-00C04F79EFBC}") = "UdonSharp.Lib", "UdonSharp.Lib.csproj", "{B61DA7E9-BB0D-D7FC-857B-864623A775DD}"
EndProject
Project("{FAE04EC0-301F-11D3-BF4B-00C04F79EFBC}") = "VRC.SDKBase.Editor.BuildPipeline", "VRC.SDKBase.Editor.BuildPipeline.csproj", "{6F4CA471-A35B-6967-A9AF-FB205A53561B}"
EndProject
Project("{FAE04EC0-301F-11D3-BF4B-00C04F79EFBC}") = "vrchat.jordo.easyquestswitch.Editor", "vrchat.jordo.easyquestswitch.Editor.csproj", "{7137893C-C917-4AE1-6A6A-E5FB0DC19A58}"
EndProject
Project("{FAE04EC0-301F-11D3-BF4B-00C04F79EFBC}") = "UniTask.Addressables", "UniTask.Addressables.csproj", "{3B40F792-9BFE-35D1-4D13-55200E0A33CB}"
EndProject
Project("{FAE04EC0-301F-11D3-BF4B-00C04F79EFBC}") = "UniTask.TextMeshPro", "UniTask.TextMeshPro.csproj", "{7087F540-86DE-E98A-9EDB-7BFF185F7235}"
EndProject
Global
	GlobalSection(SolutionConfigurationPlatforms) = preSolution
		Debug|Any CPU = Debug|Any CPU
		Release|Any CPU = Release|Any CPU
	EndGlobalSection
	GlobalSection(ProjectConfigurationPlatforms) = postSolution
		{713EC71B-61AB-E301-EA44-098872CA134E}.Debug|Any CPU.ActiveCfg = Debug|Any CPU
		{713EC71B-61AB-E301-EA44-098872CA134E}.Debug|Any CPU.Build.0 = Debug|Any CPU
		{713EC71B-61AB-E301-EA44-098872CA134E}.Release|Any CPU.ActiveCfg = Release|Any CPU
		{713EC71B-61AB-E301-EA44-098872CA134E}.Release|Any CPU.Build.0 = Release|Any CPU
		{359ABEFF-644E-F39D-06DF-4F4BD409CF1C}.Debug|Any CPU.ActiveCfg = Debug|Any CPU
		{359ABEFF-644E-F39D-06DF-4F4BD409CF1C}.Debug|Any CPU.Build.0 = Debug|Any CPU
		{359ABEFF-644E-F39D-06DF-4F4BD409CF1C}.Release|Any CPU.ActiveCfg = Release|Any CPU
		{359ABEFF-644E-F39D-06DF-4F4BD409CF1C}.Release|Any CPU.Build.0 = Release|Any CPU
		{0E1CF2BA-7F33-7527-7382-DF484762FDDD}.Debug|Any CPU.ActiveCfg = Debug|Any CPU
		{0E1CF2BA-7F33-7527-7382-DF484762FDDD}.Debug|Any CPU.Build.0 = Debug|Any CPU
		{0E1CF2BA-7F33-7527-7382-DF484762FDDD}.Release|Any CPU.ActiveCfg = Release|Any CPU
		{0E1CF2BA-7F33-7527-7382-DF484762FDDD}.Release|Any CPU.Build.0 = Release|Any CPU
		{B0CDAD55-6582-676C-EBDF-199FAAB7B25A}.Debug|Any CPU.ActiveCfg = Debug|Any CPU
		{B0CDAD55-6582-676C-EBDF-199FAAB7B25A}.Debug|Any CPU.Build.0 = Debug|Any CPU
		{B0CDAD55-6582-676C-EBDF-199FAAB7B25A}.Release|Any CPU.ActiveCfg = Release|Any CPU
		{B0CDAD55-6582-676C-EBDF-199FAAB7B25A}.Release|Any CPU.Build.0 = Release|Any CPU
		{446C560A-1A52-EE91-F0E1-0335D0C71861}.Debug|Any CPU.ActiveCfg = Debug|Any CPU
		{446C560A-1A52-EE91-F0E1-0335D0C71861}.Debug|Any CPU.Build.0 = Debug|Any CPU
		{446C560A-1A52-EE91-F0E1-0335D0C71861}.Release|Any CPU.ActiveCfg = Release|Any CPU
		{446C560A-1A52-EE91-F0E1-0335D0C71861}.Release|Any CPU.Build.0 = Release|Any CPU
		{273DCD93-5EA9-EB41-7043-C61AED0A1D4D}.Debug|Any CPU.ActiveCfg = Debug|Any CPU
		{273DCD93-5EA9-EB41-7043-C61AED0A1D4D}.Debug|Any CPU.Build.0 = Debug|Any CPU
		{273DCD93-5EA9-EB41-7043-C61AED0A1D4D}.Release|Any CPU.ActiveCfg = Release|Any CPU
		{273DCD93-5EA9-EB41-7043-C61AED0A1D4D}.Release|Any CPU.Build.0 = Release|Any CPU
		{C57BCE57-673F-01BE-100A-2208ECAA2265}.Debug|Any CPU.ActiveCfg = Debug|Any CPU
		{C57BCE57-673F-01BE-100A-2208ECAA2265}.Debug|Any CPU.Build.0 = Debug|Any CPU
		{C57BCE57-673F-01BE-100A-2208ECAA2265}.Release|Any CPU.ActiveCfg = Release|Any CPU
		{C57BCE57-673F-01BE-100A-2208ECAA2265}.Release|Any CPU.Build.0 = Release|Any CPU
		{2E59228A-D97F-3A94-7730-C4F107A1313A}.Debug|Any CPU.ActiveCfg = Debug|Any CPU
		{2E59228A-D97F-3A94-7730-C4F107A1313A}.Debug|Any CPU.Build.0 = Debug|Any CPU
		{2E59228A-D97F-3A94-7730-C4F107A1313A}.Release|Any CPU.ActiveCfg = Release|Any CPU
		{2E59228A-D97F-3A94-7730-C4F107A1313A}.Release|Any CPU.Build.0 = Release|Any CPU
		{E4127044-076B-A272-FA34-7FDF76971585}.Debug|Any CPU.ActiveCfg = Debug|Any CPU
		{E4127044-076B-A272-FA34-7FDF76971585}.Debug|Any CPU.Build.0 = Debug|Any CPU
		{E4127044-076B-A272-FA34-7FDF76971585}.Release|Any CPU.ActiveCfg = Release|Any CPU
		{E4127044-076B-A272-FA34-7FDF76971585}.Release|Any CPU.Build.0 = Release|Any CPU
		{A09DF3BD-7879-0B0E-BD5C-CAD18BD8D96E}.Debug|Any CPU.ActiveCfg = Debug|Any CPU
		{A09DF3BD-7879-0B0E-BD5C-CAD18BD8D96E}.Debug|Any CPU.Build.0 = Debug|Any CPU
		{A09DF3BD-7879-0B0E-BD5C-CAD18BD8D96E}.Release|Any CPU.ActiveCfg = Release|Any CPU
		{A09DF3BD-7879-0B0E-BD5C-CAD18BD8D96E}.Release|Any CPU.Build.0 = Release|Any CPU
		{71C61D16-CD9E-31BF-6E4D-128B2D689476}.Debug|Any CPU.ActiveCfg = Debug|Any CPU
		{71C61D16-CD9E-31BF-6E4D-128B2D689476}.Debug|Any CPU.Build.0 = Debug|Any CPU
		{71C61D16-CD9E-31BF-6E4D-128B2D689476}.Release|Any CPU.ActiveCfg = Release|Any CPU
		{71C61D16-CD9E-31BF-6E4D-128B2D689476}.Release|Any CPU.Build.0 = Release|Any CPU
		{A7DFB102-0542-E3E9-D041-D4CF1AB1119C}.Debug|Any CPU.ActiveCfg = Debug|Any CPU
		{A7DFB102-0542-E3E9-D041-D4CF1AB1119C}.Debug|Any CPU.Build.0 = Debug|Any CPU
		{A7DFB102-0542-E3E9-D041-D4CF1AB1119C}.Release|Any CPU.ActiveCfg = Release|Any CPU
		{A7DFB102-0542-E3E9-D041-D4CF1AB1119C}.Release|Any CPU.Build.0 = Release|Any CPU
		{AE005A6E-EDC0-556F-D374-3A3DE701B323}.Debug|Any CPU.ActiveCfg = Debug|Any CPU
		{AE005A6E-EDC0-556F-D374-3A3DE701B323}.Debug|Any CPU.Build.0 = Debug|Any CPU
		{AE005A6E-EDC0-556F-D374-3A3DE701B323}.Release|Any CPU.ActiveCfg = Release|Any CPU
		{AE005A6E-EDC0-556F-D374-3A3DE701B323}.Release|Any CPU.Build.0 = Release|Any CPU
		{A74CCDA2-E28A-F81B-153D-6A51E144A55A}.Debug|Any CPU.ActiveCfg = Debug|Any CPU
		{A74CCDA2-E28A-F81B-153D-6A51E144A55A}.Debug|Any CPU.Build.0 = Debug|Any CPU
		{A74CCDA2-E28A-F81B-153D-6A51E144A55A}.Release|Any CPU.ActiveCfg = Release|Any CPU
		{A74CCDA2-E28A-F81B-153D-6A51E144A55A}.Release|Any CPU.Build.0 = Release|Any CPU
		{975760BE-6D39-DB97-F1C3-1C20360B3EAD}.Debug|Any CPU.ActiveCfg = Debug|Any CPU
		{975760BE-6D39-DB97-F1C3-1C20360B3EAD}.Debug|Any CPU.Build.0 = Debug|Any CPU
		{975760BE-6D39-DB97-F1C3-1C20360B3EAD}.Release|Any CPU.ActiveCfg = Release|Any CPU
		{975760BE-6D39-DB97-F1C3-1C20360B3EAD}.Release|Any CPU.Build.0 = Release|Any CPU
		{6DDD8C39-D8BB-E6C6-49C5-8D159043DFC5}.Debug|Any CPU.ActiveCfg = Debug|Any CPU
		{6DDD8C39-D8BB-E6C6-49C5-8D159043DFC5}.Debug|Any CPU.Build.0 = Debug|Any CPU
		{6DDD8C39-D8BB-E6C6-49C5-8D159043DFC5}.Release|Any CPU.ActiveCfg = Release|Any CPU
		{6DDD8C39-D8BB-E6C6-49C5-8D159043DFC5}.Release|Any CPU.Build.0 = Release|Any CPU
		{DF8F351E-15C4-F7C5-A504-538D0495C9C3}.Debug|Any CPU.ActiveCfg = Debug|Any CPU
		{DF8F351E-15C4-F7C5-A504-538D0495C9C3}.Debug|Any CPU.Build.0 = Debug|Any CPU
		{DF8F351E-15C4-F7C5-A504-538D0495C9C3}.Release|Any CPU.ActiveCfg = Release|Any CPU
		{DF8F351E-15C4-F7C5-A504-538D0495C9C3}.Release|Any CPU.Build.0 = Release|Any CPU
		{4D2FAD99-21DE-970A-AA56-2802A6BF6907}.Debug|Any CPU.ActiveCfg = Debug|Any CPU
		{4D2FAD99-21DE-970A-AA56-2802A6BF6907}.Debug|Any CPU.Build.0 = Debug|Any CPU
		{4D2FAD99-21DE-970A-AA56-2802A6BF6907}.Release|Any CPU.ActiveCfg = Release|Any CPU
		{4D2FAD99-21DE-970A-AA56-2802A6BF6907}.Release|Any CPU.Build.0 = Release|Any CPU
		{94671B7C-7BFB-6E96-9FED-A60DBAD1A887}.Debug|Any CPU.ActiveCfg = Debug|Any CPU
		{94671B7C-7BFB-6E96-9FED-A60DBAD1A887}.Debug|Any CPU.Build.0 = Debug|Any CPU
		{94671B7C-7BFB-6E96-9FED-A60DBAD1A887}.Release|Any CPU.ActiveCfg = Release|Any CPU
		{94671B7C-7BFB-6E96-9FED-A60DBAD1A887}.Release|Any CPU.Build.0 = Release|Any CPU
		{862D2A7A-E8B5-DE44-8DE3-FD0F466C9615}.Debug|Any CPU.ActiveCfg = Debug|Any CPU
		{862D2A7A-E8B5-DE44-8DE3-FD0F466C9615}.Debug|Any CPU.Build.0 = Debug|Any CPU
		{862D2A7A-E8B5-DE44-8DE3-FD0F466C9615}.Release|Any CPU.ActiveCfg = Release|Any CPU
		{862D2A7A-E8B5-DE44-8DE3-FD0F466C9615}.Release|Any CPU.Build.0 = Release|Any CPU
		{2F77C92F-B30E-84AA-FFC8-34C21CEFD239}.Debug|Any CPU.ActiveCfg = Debug|Any CPU
		{2F77C92F-B30E-84AA-FFC8-34C21CEFD239}.Debug|Any CPU.Build.0 = Debug|Any CPU
		{2F77C92F-B30E-84AA-FFC8-34C21CEFD239}.Release|Any CPU.ActiveCfg = Release|Any CPU
		{2F77C92F-B30E-84AA-FFC8-34C21CEFD239}.Release|Any CPU.Build.0 = Release|Any CPU
		{4C554CF5-E46D-4461-6B68-6A40A4467339}.Debug|Any CPU.ActiveCfg = Debug|Any CPU
		{4C554CF5-E46D-4461-6B68-6A40A4467339}.Debug|Any CPU.Build.0 = Debug|Any CPU
		{4C554CF5-E46D-4461-6B68-6A40A4467339}.Release|Any CPU.ActiveCfg = Release|Any CPU
		{4C554CF5-E46D-4461-6B68-6A40A4467339}.Release|Any CPU.Build.0 = Release|Any CPU
		{318F3DB6-4256-E7E9-A815-FAA9E0BCD69A}.Debug|Any CPU.ActiveCfg = Debug|Any CPU
		{318F3DB6-4256-E7E9-A815-FAA9E0BCD69A}.Debug|Any CPU.Build.0 = Debug|Any CPU
		{318F3DB6-4256-E7E9-A815-FAA9E0BCD69A}.Release|Any CPU.ActiveCfg = Release|Any CPU
		{318F3DB6-4256-E7E9-A815-FAA9E0BCD69A}.Release|Any CPU.Build.0 = Release|Any CPU
		{0D2A4A3D-CDAF-8BC0-0176-FA87D6E3EEBF}.Debug|Any CPU.ActiveCfg = Debug|Any CPU
		{0D2A4A3D-CDAF-8BC0-0176-FA87D6E3EEBF}.Debug|Any CPU.Build.0 = Debug|Any CPU
		{0D2A4A3D-CDAF-8BC0-0176-FA87D6E3EEBF}.Release|Any CPU.ActiveCfg = Release|Any CPU
		{0D2A4A3D-CDAF-8BC0-0176-FA87D6E3EEBF}.Release|Any CPU.Build.0 = Release|Any CPU
		{B61DA7E9-BB0D-D7FC-857B-864623A775DD}.Debug|Any CPU.ActiveCfg = Debug|Any CPU
		{B61DA7E9-BB0D-D7FC-857B-864623A775DD}.Debug|Any CPU.Build.0 = Debug|Any CPU
		{B61DA7E9-BB0D-D7FC-857B-864623A775DD}.Release|Any CPU.ActiveCfg = Release|Any CPU
		{B61DA7E9-BB0D-D7FC-857B-864623A775DD}.Release|Any CPU.Build.0 = Release|Any CPU
		{6F4CA471-A35B-6967-A9AF-FB205A53561B}.Debug|Any CPU.ActiveCfg = Debug|Any CPU
		{6F4CA471-A35B-6967-A9AF-FB205A53561B}.Debug|Any CPU.Build.0 = Debug|Any CPU
		{6F4CA471-A35B-6967-A9AF-FB205A53561B}.Release|Any CPU.ActiveCfg = Release|Any CPU
		{6F4CA471-A35B-6967-A9AF-FB205A53561B}.Release|Any CPU.Build.0 = Release|Any CPU
		{7137893C-C917-4AE1-6A6A-E5FB0DC19A58}.Debug|Any CPU.ActiveCfg = Debug|Any CPU
		{7137893C-C917-4AE1-6A6A-E5FB0DC19A58}.Debug|Any CPU.Build.0 = Debug|Any CPU
		{7137893C-C917-4AE1-6A6A-E5FB0DC19A58}.Release|Any CPU.ActiveCfg = Release|Any CPU
		{7137893C-C917-4AE1-6A6A-E5FB0DC19A58}.Release|Any CPU.Build.0 = Release|Any CPU
		{3B40F792-9BFE-35D1-4D13-55200E0A33CB}.Debug|Any CPU.ActiveCfg = Debug|Any CPU
		{3B40F792-9BFE-35D1-4D13-55200E0A33CB}.Debug|Any CPU.Build.0 = Debug|Any CPU
		{3B40F792-9BFE-35D1-4D13-55200E0A33CB}.Release|Any CPU.ActiveCfg = Release|Any CPU
		{3B40F792-9BFE-35D1-4D13-55200E0A33CB}.Release|Any CPU.Build.0 = Release|Any CPU
		{7087F540-86DE-E98A-9EDB-7BFF185F7235}.Debug|Any CPU.ActiveCfg = Debug|Any CPU
		{7087F540-86DE-E98A-9EDB-7BFF185F7235}.Debug|Any CPU.Build.0 = Debug|Any CPU
		{7087F540-86DE-E98A-9EDB-7BFF185F7235}.Release|Any CPU.ActiveCfg = Release|Any CPU
		{7087F540-86DE-E98A-9EDB-7BFF185F7235}.Release|Any CPU.Build.0 = Release|Any CPU
	EndGlobalSection
	GlobalSection(SolutionProperties) = preSolution
		HideSolutionNode = FALSE
	EndGlobalSection
EndGlobal
