
Microsoft Visual Studio Solution File, Format Version 12.00
# Visual Studio 15
Project("{FAE04EC0-301F-11D3-BF4B-00C04F79EFBC}") = "VRC.ClientSim", "VRC.ClientSim.csproj", "{2A858CD9-E881-844A-2E91-5FBEF3B8BBAF}"
EndProject
Project("{FAE04EC0-301F-11D3-BF4B-00C04F79EFBC}") = "vrchat.jordo.easyquestswitch", "vrchat.jordo.easyquestswitch.csproj", "{6A1A9658-A92B-0317-6DFF-30227E013BA0}"
EndProject
Project("{FAE04EC0-301F-11D3-BF4B-00C04F79EFBC}") = "VRC.Udon.Serialization.OdinSerializer", "VRC.Udon.Serialization.OdinSerializer.csproj", "{3CF30A30-1820-DDF2-68C5-2B19E59934BD}"
EndProject
Project("{FAE04EC0-301F-11D3-BF4B-00C04F79EFBC}") = "UdonSharp.Editor", "UdonSharp.Editor.csproj", "{C8289DA2-FE92-F441-FDF6-3799B16B696E}"
EndProject
Project("{FAE04EC0-301F-11D3-BF4B-00C04F79EFBC}") = "VRC.Udon.Editor", "VRC.Udon.Editor.csproj", "{EB080BAC-67EA-C254-F43E-A380CB141192}"
EndProject
Project("{FAE04EC0-301F-11D3-BF4B-00C04F79EFBC}") = "VRC.SDKBase.Editor", "VRC.SDKBase.Editor.csproj", "{0DAD81CF-67F0-5705-72EA-0DF3676DC971}"
EndProject
Project("{FAE04EC0-301F-11D3-BF4B-00C04F79EFBC}") = "VRC.Udon", "VRC.Udon.csproj", "{CB98DDA6-6DE8-9775-63DA-937305FDACC1}"
EndProject
Project("{FAE04EC0-301F-11D3-BF4B-00C04F79EFBC}") = "UniTask", "UniTask.csproj", "{F53A2A63-3C80-FB49-0F10-0280B7431AC6}"
EndProject
Project("{FAE04EC0-301F-11D3-BF4B-00C04F79EFBC}") = "UniTask.Linq", "UniTask.Linq.csproj", "{B802C2E0-8FFB-0E10-3F32-4570B4FA367D}"
EndProject
Project("{FAE04EC0-301F-11D3-BF4B-00C04F79EFBC}") = "VRC.SDKBase", "VRC.SDKBase.csproj", "{C26A169E-096D-96BC-C269-769420AF2865}"
EndProject
Project("{FAE04EC0-301F-11D3-BF4B-00C04F79EFBC}") = "VRC.ClientSim.Editor", "VRC.ClientSim.Editor.csproj", "{AE19A980-C046-670D-B93A-21E301DB5F8B}"
EndProject
Project("{FAE04EC0-301F-11D3-BF4B-00C04F79EFBC}") = "VRC.SDK3", "VRC.SDK3.csproj", "{C3958415-6377-D20A-1234-F2802A9E4DDB}"
EndProject
Project("{FAE04EC0-301F-11D3-BF4B-00C04F79EFBC}") = "VRC.SDK3.Editor", "VRC.SDK3.Editor.csproj", "{F7CFDDD5-4157-B865-41DC-387899598D1D}"
EndProject
Project("{FAE04EC0-301F-11D3-BF4B-00C04F79EFBC}") = "UniTask.DOTween", "UniTask.DOTween.csproj", "{1D01A4B4-E6B3-DCB2-2A1D-75E2CA583E24}"
EndProject
Project("{FAE04EC0-301F-11D3-BF4B-00C04F79EFBC}") = "UnityEditorTests", "UnityEditorTests.csproj", "{1E2F903A-8385-9E92-41B1-A3EB27E2CCB2}"
EndProject
Project("{FAE04EC0-301F-11D3-BF4B-00C04F79EFBC}") = "AudioLink", "AudioLink.csproj", "{287D8EA4-E64A-6E93-EB82-4F9D04C85825}"
EndProject
Project("{FAE04EC0-301F-11D3-BF4B-00C04F79EFBC}") = "AudioLink.Editor", "AudioLink.Editor.csproj", "{23761475-4E84-3120-3464-782BB8EFB790}"
EndProject
Project("{FAE04EC0-301F-11D3-BF4B-00C04F79EFBC}") = "VRWorldToolkit.Editor", "VRWorldToolkit.Editor.csproj", "{8FB28CE6-CE0A-1A1C-CE71-23948394F620}"
EndProject
Project("{FAE04EC0-301F-11D3-BF4B-00C04F79EFBC}") = "VRC.ExampleCentral.Editor", "VRC.ExampleCentral.Editor.csproj", "{A681443D-27DE-F026-09D3-2FBCA9E20B5B}"
EndProject
Project("{FAE04EC0-301F-11D3-BF4B-00C04F79EFBC}") = "Assembly-CSharp", "Assembly-CSharp.csproj", "{2370F515-819E-37D2-9980-DDA939F7A32B}"
EndProject
Project("{FAE04EC0-301F-11D3-BF4B-00C04F79EFBC}") = "com.vrchat.core.vpm-resolver.Editor", "com.vrchat.core.vpm-resolver.Editor.csproj", "{4EFD04F5-A99C-AEFC-C558-D55C0E492125}"
EndProject
Project("{FAE04EC0-301F-11D3-BF4B-00C04F79EFBC}") = "VRC.SDKBase.Editor.ShaderStripping", "VRC.SDKBase.Editor.ShaderStripping.csproj", "{80FB1F55-9CF3-7B96-3E4F-CAF05E98DE65}"
EndProject
Project("{FAE04EC0-301F-11D3-BF4B-00C04F79EFBC}") = "immersive-interactions.Editor", "immersive-interactions.Editor.csproj", "{80AB4D9D-3EA5-C182-119F-6152E4024219}"
EndProject
Project("{FAE04EC0-301F-11D3-BF4B-00C04F79EFBC}") = "UdonSharp.Runtime", "UdonSharp.Runtime.csproj", "{84E99E13-578E-04CE-81A7-07036C5C088D}"
EndProject
Project("{FAE04EC0-301F-11D3-BF4B-00C04F79EFBC}") = "UniTask.Editor", "UniTask.Editor.csproj", "{93D413E4-6783-197A-329F-413CF9A93451}"
EndProject
Project("{FAE04EC0-301F-11D3-BF4B-00C04F79EFBC}") = "UdonSharp.Lib", "UdonSharp.Lib.csproj", "{03651C8D-6A6C-1436-12FB-D7A4D623F531}"
EndProject
Project("{FAE04EC0-301F-11D3-BF4B-00C04F79EFBC}") = "VRC.SDKBase.Editor.BuildPipeline", "VRC.SDKBase.Editor.BuildPipeline.csproj", "{6AA32E90-0C4F-6B30-3BAE-D58D86D8D4B8}"
EndProject
Project("{FAE04EC0-301F-11D3-BF4B-00C04F79EFBC}") = "vrchat.jordo.easyquestswitch.Editor", "vrchat.jordo.easyquestswitch.Editor.csproj", "{8F8736F8-C17F-71D9-DB03-BC4AC877CE70}"
EndProject
Project("{FAE04EC0-301F-11D3-BF4B-00C04F79EFBC}") = "immersive-interactions", "immersive-interactions.csproj", "{249D4DE5-E36C-8332-F2DA-9F5BF6A1D073}"
EndProject
Project("{FAE04EC0-301F-11D3-BF4B-00C04F79EFBC}") = "UniTask.Addressables", "UniTask.Addressables.csproj", "{1F258413-02C9-080D-1EE3-86D11000266A}"
EndProject
Project("{FAE04EC0-301F-11D3-BF4B-00C04F79EFBC}") = "UniTask.TextMeshPro", "UniTask.TextMeshPro.csproj", "{DCEC7A95-4BFE-D6FD-9B3F-E5425546CF2E}"
EndProject
Global
	GlobalSection(SolutionConfigurationPlatforms) = preSolution
		Debug|Any CPU = Debug|Any CPU
		Release|Any CPU = Release|Any CPU
	EndGlobalSection
	GlobalSection(ProjectConfigurationPlatforms) = postSolution
		{2A858CD9-E881-844A-2E91-5FBEF3B8BBAF}.Debug|Any CPU.ActiveCfg = Debug|Any CPU
		{2A858CD9-E881-844A-2E91-5FBEF3B8BBAF}.Debug|Any CPU.Build.0 = Debug|Any CPU
		{2A858CD9-E881-844A-2E91-5FBEF3B8BBAF}.Release|Any CPU.ActiveCfg = Release|Any CPU
		{2A858CD9-E881-844A-2E91-5FBEF3B8BBAF}.Release|Any CPU.Build.0 = Release|Any CPU
		{6A1A9658-A92B-0317-6DFF-30227E013BA0}.Debug|Any CPU.ActiveCfg = Debug|Any CPU
		{6A1A9658-A92B-0317-6DFF-30227E013BA0}.Debug|Any CPU.Build.0 = Debug|Any CPU
		{6A1A9658-A92B-0317-6DFF-30227E013BA0}.Release|Any CPU.ActiveCfg = Release|Any CPU
		{6A1A9658-A92B-0317-6DFF-30227E013BA0}.Release|Any CPU.Build.0 = Release|Any CPU
		{3CF30A30-1820-DDF2-68C5-2B19E59934BD}.Debug|Any CPU.ActiveCfg = Debug|Any CPU
		{3CF30A30-1820-DDF2-68C5-2B19E59934BD}.Debug|Any CPU.Build.0 = Debug|Any CPU
		{3CF30A30-1820-DDF2-68C5-2B19E59934BD}.Release|Any CPU.ActiveCfg = Release|Any CPU
		{3CF30A30-1820-DDF2-68C5-2B19E59934BD}.Release|Any CPU.Build.0 = Release|Any CPU
		{C8289DA2-FE92-F441-FDF6-3799B16B696E}.Debug|Any CPU.ActiveCfg = Debug|Any CPU
		{C8289DA2-FE92-F441-FDF6-3799B16B696E}.Debug|Any CPU.Build.0 = Debug|Any CPU
		{C8289DA2-FE92-F441-FDF6-3799B16B696E}.Release|Any CPU.ActiveCfg = Release|Any CPU
		{C8289DA2-FE92-F441-FDF6-3799B16B696E}.Release|Any CPU.Build.0 = Release|Any CPU
		{EB080BAC-67EA-C254-F43E-A380CB141192}.Debug|Any CPU.ActiveCfg = Debug|Any CPU
		{EB080BAC-67EA-C254-F43E-A380CB141192}.Debug|Any CPU.Build.0 = Debug|Any CPU
		{EB080BAC-67EA-C254-F43E-A380CB141192}.Release|Any CPU.ActiveCfg = Release|Any CPU
		{EB080BAC-67EA-C254-F43E-A380CB141192}.Release|Any CPU.Build.0 = Release|Any CPU
		{0DAD81CF-67F0-5705-72EA-0DF3676DC971}.Debug|Any CPU.ActiveCfg = Debug|Any CPU
		{0DAD81CF-67F0-5705-72EA-0DF3676DC971}.Debug|Any CPU.Build.0 = Debug|Any CPU
		{0DAD81CF-67F0-5705-72EA-0DF3676DC971}.Release|Any CPU.ActiveCfg = Release|Any CPU
		{0DAD81CF-67F0-5705-72EA-0DF3676DC971}.Release|Any CPU.Build.0 = Release|Any CPU
		{CB98DDA6-6DE8-9775-63DA-937305FDACC1}.Debug|Any CPU.ActiveCfg = Debug|Any CPU
		{CB98DDA6-6DE8-9775-63DA-937305FDACC1}.Debug|Any CPU.Build.0 = Debug|Any CPU
		{CB98DDA6-6DE8-9775-63DA-937305FDACC1}.Release|Any CPU.ActiveCfg = Release|Any CPU
		{CB98DDA6-6DE8-9775-63DA-937305FDACC1}.Release|Any CPU.Build.0 = Release|Any CPU
		{F53A2A63-3C80-FB49-0F10-0280B7431AC6}.Debug|Any CPU.ActiveCfg = Debug|Any CPU
		{F53A2A63-3C80-FB49-0F10-0280B7431AC6}.Debug|Any CPU.Build.0 = Debug|Any CPU
		{F53A2A63-3C80-FB49-0F10-0280B7431AC6}.Release|Any CPU.ActiveCfg = Release|Any CPU
		{F53A2A63-3C80-FB49-0F10-0280B7431AC6}.Release|Any CPU.Build.0 = Release|Any CPU
		{B802C2E0-8FFB-0E10-3F32-4570B4FA367D}.Debug|Any CPU.ActiveCfg = Debug|Any CPU
		{B802C2E0-8FFB-0E10-3F32-4570B4FA367D}.Debug|Any CPU.Build.0 = Debug|Any CPU
		{B802C2E0-8FFB-0E10-3F32-4570B4FA367D}.Release|Any CPU.ActiveCfg = Release|Any CPU
		{B802C2E0-8FFB-0E10-3F32-4570B4FA367D}.Release|Any CPU.Build.0 = Release|Any CPU
		{C26A169E-096D-96BC-C269-769420AF2865}.Debug|Any CPU.ActiveCfg = Debug|Any CPU
		{C26A169E-096D-96BC-C269-769420AF2865}.Debug|Any CPU.Build.0 = Debug|Any CPU
		{C26A169E-096D-96BC-C269-769420AF2865}.Release|Any CPU.ActiveCfg = Release|Any CPU
		{C26A169E-096D-96BC-C269-769420AF2865}.Release|Any CPU.Build.0 = Release|Any CPU
		{AE19A980-C046-670D-B93A-21E301DB5F8B}.Debug|Any CPU.ActiveCfg = Debug|Any CPU
		{AE19A980-C046-670D-B93A-21E301DB5F8B}.Debug|Any CPU.Build.0 = Debug|Any CPU
		{AE19A980-C046-670D-B93A-21E301DB5F8B}.Release|Any CPU.ActiveCfg = Release|Any CPU
		{AE19A980-C046-670D-B93A-21E301DB5F8B}.Release|Any CPU.Build.0 = Release|Any CPU
		{C3958415-6377-D20A-1234-F2802A9E4DDB}.Debug|Any CPU.ActiveCfg = Debug|Any CPU
		{C3958415-6377-D20A-1234-F2802A9E4DDB}.Debug|Any CPU.Build.0 = Debug|Any CPU
		{C3958415-6377-D20A-1234-F2802A9E4DDB}.Release|Any CPU.ActiveCfg = Release|Any CPU
		{C3958415-6377-D20A-1234-F2802A9E4DDB}.Release|Any CPU.Build.0 = Release|Any CPU
		{F7CFDDD5-4157-B865-41DC-387899598D1D}.Debug|Any CPU.ActiveCfg = Debug|Any CPU
		{F7CFDDD5-4157-B865-41DC-387899598D1D}.Debug|Any CPU.Build.0 = Debug|Any CPU
		{F7CFDDD5-4157-B865-41DC-387899598D1D}.Release|Any CPU.ActiveCfg = Release|Any CPU
		{F7CFDDD5-4157-B865-41DC-387899598D1D}.Release|Any CPU.Build.0 = Release|Any CPU
		{1D01A4B4-E6B3-DCB2-2A1D-75E2CA583E24}.Debug|Any CPU.ActiveCfg = Debug|Any CPU
		{1D01A4B4-E6B3-DCB2-2A1D-75E2CA583E24}.Debug|Any CPU.Build.0 = Debug|Any CPU
		{1D01A4B4-E6B3-DCB2-2A1D-75E2CA583E24}.Release|Any CPU.ActiveCfg = Release|Any CPU
		{1D01A4B4-E6B3-DCB2-2A1D-75E2CA583E24}.Release|Any CPU.Build.0 = Release|Any CPU
		{1E2F903A-8385-9E92-41B1-A3EB27E2CCB2}.Debug|Any CPU.ActiveCfg = Debug|Any CPU
		{1E2F903A-8385-9E92-41B1-A3EB27E2CCB2}.Debug|Any CPU.Build.0 = Debug|Any CPU
		{1E2F903A-8385-9E92-41B1-A3EB27E2CCB2}.Release|Any CPU.ActiveCfg = Release|Any CPU
		{1E2F903A-8385-9E92-41B1-A3EB27E2CCB2}.Release|Any CPU.Build.0 = Release|Any CPU
		{287D8EA4-E64A-6E93-EB82-4F9D04C85825}.Debug|Any CPU.ActiveCfg = Debug|Any CPU
		{287D8EA4-E64A-6E93-EB82-4F9D04C85825}.Debug|Any CPU.Build.0 = Debug|Any CPU
		{287D8EA4-E64A-6E93-EB82-4F9D04C85825}.Release|Any CPU.ActiveCfg = Release|Any CPU
		{287D8EA4-E64A-6E93-EB82-4F9D04C85825}.Release|Any CPU.Build.0 = Release|Any CPU
		{23761475-4E84-3120-3464-782BB8EFB790}.Debug|Any CPU.ActiveCfg = Debug|Any CPU
		{23761475-4E84-3120-3464-782BB8EFB790}.Debug|Any CPU.Build.0 = Debug|Any CPU
		{23761475-4E84-3120-3464-782BB8EFB790}.Release|Any CPU.ActiveCfg = Release|Any CPU
		{23761475-4E84-3120-3464-782BB8EFB790}.Release|Any CPU.Build.0 = Release|Any CPU
		{8FB28CE6-CE0A-1A1C-CE71-23948394F620}.Debug|Any CPU.ActiveCfg = Debug|Any CPU
		{8FB28CE6-CE0A-1A1C-CE71-23948394F620}.Debug|Any CPU.Build.0 = Debug|Any CPU
		{8FB28CE6-CE0A-1A1C-CE71-23948394F620}.Release|Any CPU.ActiveCfg = Release|Any CPU
		{8FB28CE6-CE0A-1A1C-CE71-23948394F620}.Release|Any CPU.Build.0 = Release|Any CPU
		{A681443D-27DE-F026-09D3-2FBCA9E20B5B}.Debug|Any CPU.ActiveCfg = Debug|Any CPU
		{A681443D-27DE-F026-09D3-2FBCA9E20B5B}.Debug|Any CPU.Build.0 = Debug|Any CPU
		{A681443D-27DE-F026-09D3-2FBCA9E20B5B}.Release|Any CPU.ActiveCfg = Release|Any CPU
		{A681443D-27DE-F026-09D3-2FBCA9E20B5B}.Release|Any CPU.Build.0 = Release|Any CPU
		{2370F515-819E-37D2-9980-DDA939F7A32B}.Debug|Any CPU.ActiveCfg = Debug|Any CPU
		{2370F515-819E-37D2-9980-DDA939F7A32B}.Debug|Any CPU.Build.0 = Debug|Any CPU
		{2370F515-819E-37D2-9980-DDA939F7A32B}.Release|Any CPU.ActiveCfg = Release|Any CPU
		{2370F515-819E-37D2-9980-DDA939F7A32B}.Release|Any CPU.Build.0 = Release|Any CPU
		{4EFD04F5-A99C-AEFC-C558-D55C0E492125}.Debug|Any CPU.ActiveCfg = Debug|Any CPU
		{4EFD04F5-A99C-AEFC-C558-D55C0E492125}.Debug|Any CPU.Build.0 = Debug|Any CPU
		{4EFD04F5-A99C-AEFC-C558-D55C0E492125}.Release|Any CPU.ActiveCfg = Release|Any CPU
		{4EFD04F5-A99C-AEFC-C558-D55C0E492125}.Release|Any CPU.Build.0 = Release|Any CPU
		{80FB1F55-9CF3-7B96-3E4F-CAF05E98DE65}.Debug|Any CPU.ActiveCfg = Debug|Any CPU
		{80FB1F55-9CF3-7B96-3E4F-CAF05E98DE65}.Debug|Any CPU.Build.0 = Debug|Any CPU
		{80FB1F55-9CF3-7B96-3E4F-CAF05E98DE65}.Release|Any CPU.ActiveCfg = Release|Any CPU
		{80FB1F55-9CF3-7B96-3E4F-CAF05E98DE65}.Release|Any CPU.Build.0 = Release|Any CPU
		{80AB4D9D-3EA5-C182-119F-6152E4024219}.Debug|Any CPU.ActiveCfg = Debug|Any CPU
		{80AB4D9D-3EA5-C182-119F-6152E4024219}.Debug|Any CPU.Build.0 = Debug|Any CPU
		{80AB4D9D-3EA5-C182-119F-6152E4024219}.Release|Any CPU.ActiveCfg = Release|Any CPU
		{80AB4D9D-3EA5-C182-119F-6152E4024219}.Release|Any CPU.Build.0 = Release|Any CPU
		{84E99E13-578E-04CE-81A7-07036C5C088D}.Debug|Any CPU.ActiveCfg = Debug|Any CPU
		{84E99E13-578E-04CE-81A7-07036C5C088D}.Debug|Any CPU.Build.0 = Debug|Any CPU
		{84E99E13-578E-04CE-81A7-07036C5C088D}.Release|Any CPU.ActiveCfg = Release|Any CPU
		{84E99E13-578E-04CE-81A7-07036C5C088D}.Release|Any CPU.Build.0 = Release|Any CPU
		{93D413E4-6783-197A-329F-413CF9A93451}.Debug|Any CPU.ActiveCfg = Debug|Any CPU
		{93D413E4-6783-197A-329F-413CF9A93451}.Debug|Any CPU.Build.0 = Debug|Any CPU
		{93D413E4-6783-197A-329F-413CF9A93451}.Release|Any CPU.ActiveCfg = Release|Any CPU
		{93D413E4-6783-197A-329F-413CF9A93451}.Release|Any CPU.Build.0 = Release|Any CPU
		{03651C8D-6A6C-1436-12FB-D7A4D623F531}.Debug|Any CPU.ActiveCfg = Debug|Any CPU
		{03651C8D-6A6C-1436-12FB-D7A4D623F531}.Debug|Any CPU.Build.0 = Debug|Any CPU
		{03651C8D-6A6C-1436-12FB-D7A4D623F531}.Release|Any CPU.ActiveCfg = Release|Any CPU
		{03651C8D-6A6C-1436-12FB-D7A4D623F531}.Release|Any CPU.Build.0 = Release|Any CPU
		{6AA32E90-0C4F-6B30-3BAE-D58D86D8D4B8}.Debug|Any CPU.ActiveCfg = Debug|Any CPU
		{6AA32E90-0C4F-6B30-3BAE-D58D86D8D4B8}.Debug|Any CPU.Build.0 = Debug|Any CPU
		{6AA32E90-0C4F-6B30-3BAE-D58D86D8D4B8}.Release|Any CPU.ActiveCfg = Release|Any CPU
		{6AA32E90-0C4F-6B30-3BAE-D58D86D8D4B8}.Release|Any CPU.Build.0 = Release|Any CPU
		{8F8736F8-C17F-71D9-DB03-BC4AC877CE70}.Debug|Any CPU.ActiveCfg = Debug|Any CPU
		{8F8736F8-C17F-71D9-DB03-BC4AC877CE70}.Debug|Any CPU.Build.0 = Debug|Any CPU
		{8F8736F8-C17F-71D9-DB03-BC4AC877CE70}.Release|Any CPU.ActiveCfg = Release|Any CPU
		{8F8736F8-C17F-71D9-DB03-BC4AC877CE70}.Release|Any CPU.Build.0 = Release|Any CPU
		{249D4DE5-E36C-8332-F2DA-9F5BF6A1D073}.Debug|Any CPU.ActiveCfg = Debug|Any CPU
		{249D4DE5-E36C-8332-F2DA-9F5BF6A1D073}.Debug|Any CPU.Build.0 = Debug|Any CPU
		{249D4DE5-E36C-8332-F2DA-9F5BF6A1D073}.Release|Any CPU.ActiveCfg = Release|Any CPU
		{249D4DE5-E36C-8332-F2DA-9F5BF6A1D073}.Release|Any CPU.Build.0 = Release|Any CPU
		{1F258413-02C9-080D-1EE3-86D11000266A}.Debug|Any CPU.ActiveCfg = Debug|Any CPU
		{1F258413-02C9-080D-1EE3-86D11000266A}.Debug|Any CPU.Build.0 = Debug|Any CPU
		{1F258413-02C9-080D-1EE3-86D11000266A}.Release|Any CPU.ActiveCfg = Release|Any CPU
		{1F258413-02C9-080D-1EE3-86D11000266A}.Release|Any CPU.Build.0 = Release|Any CPU
		{DCEC7A95-4BFE-D6FD-9B3F-E5425546CF2E}.Debug|Any CPU.ActiveCfg = Debug|Any CPU
		{DCEC7A95-4BFE-D6FD-9B3F-E5425546CF2E}.Debug|Any CPU.Build.0 = Debug|Any CPU
		{DCEC7A95-4BFE-D6FD-9B3F-E5425546CF2E}.Release|Any CPU.ActiveCfg = Release|Any CPU
		{DCEC7A95-4BFE-D6FD-9B3F-E5425546CF2E}.Release|Any CPU.Build.0 = Release|Any CPU
	EndGlobalSection
	GlobalSection(SolutionProperties) = preSolution
		HideSolutionNode = FALSE
	EndGlobalSection
EndGlobal
